{
  "name": "makerjs-wrap-text",
  "version": "1.0.0",
  "lockfileVersion": 2,
  "requires": true,
  "packages": {
    "": {
      "name": "makerjs-wrap-text",
      "version": "1.0.0",
      "license": "MIT",
      "dependencies": {
        "makerjs": "^0.11.0",
        "opentype-layout": "^1.1.0"
      }
    },
    "node_modules/@danmarshall/jscad-typings": {
      "version": "1.0.0",
      "resolved": "https://registry.npmjs.org/@danmarshall/jscad-typings/-/jscad-typings-1.0.0.tgz",
      "integrity": "sha512-MGGIGDItK2UQSsz7yTrXErQXDAFXR3UPxyQ7WZ5RHOwnv60CBXjmkJlXYMYPkSvo+7fUuQL2/ODcvECtc/fi9g=="
    },
    "node_modules/@types/bezier-js": {
      "version": "0.0.6",
      "resolved": "https://registry.npmjs.org/@types/bezier-js/-/bezier-js-0.0.6.tgz",
      "integrity": "sha1-DZdtaBY8SVUzLveYohoLPWOB0Ss="
    },
    "node_modules/@types/node": {
      "version": "7.10.14",
      "resolved": "https://registry.npmjs.org/@types/node/-/node-7.10.14.tgz",
      "integrity": "sha512-29GS75BE8asnTno3yB6ubOJOO0FboExEqNJy4bpz0GSmW/8wPTNL4h9h63c6s1uTrOopCmJYe/4yJLh5r92ZUA=="
    },
    "node_modules/@types/opentype.js": {
      "version": "0.7.2",
      "resolved": "https://registry.npmjs.org/@types/opentype.js/-/opentype.js-0.7.2.tgz",
      "integrity": "sha512-Riz6WyBUBEFs7YqSsJya3SbDHJZ6BmMkY7bzNoue6rtwj+RNilLc+mgOX/eJ0Y0asq16FSU6DatBeOg8ZMy2UQ=="
    },
    "node_modules/@types/pdfkit": {
      "version": "0.7.36",
      "resolved": "https://registry.npmjs.org/@types/pdfkit/-/pdfkit-0.7.36.tgz",
      "integrity": "sha512-9eRA6MuW+n78yU3HhoIrDxjyAX2++B5MpLDYqHOnaRTquCw+5sYXT+QN8E1eSaxvNUwlRfU3tOm4UzTeGWmBqg==",
      "dependencies": {
        "@types/node": "*"
      }
    },
    "node_modules/bezier-js": {
      "version": "2.6.1",
      "resolved": "https://registry.npmjs.org/bezier-js/-/bezier-js-2.6.1.tgz",
      "integrity": "sha512-jelZM33eNzcZ9snJ/5HqJLw3IzXvA8RFcBjkdOB8SDYyOvW8Y2tTosojAiBTnD1MhbHoWUYNbxUXxBl61TxbRg=="
    },
    "node_modules/clone": {
      "version": "1.0.4",
      "resolved": "https://registry.npmjs.org/clone/-/clone-1.0.4.tgz",
      "integrity": "sha1-2jCcwmPfFZlMaIypAheco8fNfH4=",
      "engines": {
        "node": ">=0.8"
      }
    },
    "node_modules/defined": {
      "version": "1.0.0",
      "resolved": "https://registry.npmjs.org/defined/-/defined-1.0.0.tgz",
      "integrity": "sha1-yY2bzvdWdBiOEQlpFRGZ45sfppM="
    },
    "node_modules/graham_scan": {
      "version": "1.0.4",
      "resolved": "https://registry.npmjs.org/graham_scan/-/graham_scan-1.0.4.tgz",
      "integrity": "sha1-OZZR3R+DU+GID1nqjl+Uud9Mkoo="
    },
    "node_modules/kdbush": {
      "version": "2.0.1",
      "resolved": "https://registry.npmjs.org/kdbush/-/kdbush-2.0.1.tgz",
      "integrity": "sha512-9KqSdmWCkBIisFIGclT0FRagKhI7IVbMyUjsxCFG0Ly1Dg6whlxJ7b9lrq8ifk3X/fGeJzok1R75LQfZTfA5zQ=="
    },
    "node_modules/makerjs": {
      "version": "0.11.2",
      "resolved": "https://registry.npmjs.org/makerjs/-/makerjs-0.11.2.tgz",
      "integrity": "sha512-hlRtqfQcfvN0w5At7ZJnL2N2bVYvI4xIeXPivsDcstAN7NdCVOYabRqqTcGzo5zyUwwB7orUTC8OTjKeTy+2YA==",
      "dependencies": {
        "@danmarshall/jscad-typings": "^1.0.0",
        "@types/bezier-js": "^0.0.6",
        "@types/node": "^7.0.5",
        "@types/opentype.js": "^0.7.0",
        "@types/pdfkit": "^0.7.34",
        "bezier-js": "^2.1.0",
        "clone": "^1.0.2",
        "graham_scan": "^1.0.4",
        "kdbush": "^2.0.1"
      }
    },
    "node_modules/object-assign": {
      "version": "4.1.1",
      "resolved": "https://registry.npmjs.org/object-assign/-/object-assign-4.1.1.tgz",
      "integrity": "sha1-IQmtx5ZYh8/AXLvUQsrIv7s2CGM=",
      "engines": {
        "node": ">=0.10.0"
      }
    },
    "node_modules/opentype-layout": {
      "version": "1.1.0",
      "resolved": "https://registry.npmjs.org/opentype-layout/-/opentype-layout-1.1.0.tgz",
      "integrity": "sha1-IJJsgEFOZcdvMwEnRJoUPUlqA9w=",
      "dependencies": {
        "defined": "^1.0.0",
        "object-assign": "^4.1.0",
        "word-wrapper": "^1.0.7"
      }
    },
    "node_modules/word-wrapper": {
      "version": "1.0.7",
      "resolved": "https://registry.npmjs.org/word-wrapper/-/word-wrapper-1.0.7.tgz",
      "integrity": "sha1-HxSv6/Zt/fD+9V79NxhO+9CMKLY="
    }
  },
  "dependencies": {
    "@danmarshall/jscad-typings": {
      "version": "1.0.0",
      "resolved": "https://registry.npmjs.org/@danmarshall/jscad-typings/-/jscad-typings-1.0.0.tgz",
      "integrity": "sha512-MGGIGDItK2UQSsz7yTrXErQXDAFXR3UPxyQ7WZ5RHOwnv60CBXjmkJlXYMYPkSvo+7fUuQL2/ODcvECtc/fi9g=="
    },
    "@types/bezier-js": {
      "version": "0.0.6",
      "resolved": "https://registry.npmjs.org/@types/bezier-js/-/bezier-js-0.0.6.tgz",
      "integrity": "sha1-DZdtaBY8SVUzLveYohoLPWOB0Ss="
    },
    "@types/node": {
      "version": "7.10.14",
      "resolved": "https://registry.npmjs.org/@types/node/-/node-7.10.14.tgz",
      "integrity": "sha512-29GS75BE8asnTno3yB6ubOJOO0FboExEqNJy4bpz0GSmW/8wPTNL4h9h63c6s1uTrOopCmJYe/4yJLh5r92ZUA=="
    },
    "@types/opentype.js": {
      "version": "0.7.2",
      "resolved": "https://registry.npmjs.org/@types/opentype.js/-/opentype.js-0.7.2.tgz",
      "integrity": "sha512-Riz6WyBUBEFs7YqSsJya3SbDHJZ6BmMkY7bzNoue6rtwj+RNilLc+mgOX/eJ0Y0asq16FSU6DatBeOg8ZMy2UQ=="
    },
    "@types/pdfkit": {
      "version": "0.7.36",
      "resolved": "https://registry.npmjs.org/@types/pdfkit/-/pdfkit-0.7.36.tgz",
      "integrity": "sha512-9eRA6MuW+n78yU3HhoIrDxjyAX2++B5MpLDYqHOnaRTquCw+5sYXT+QN8E1eSaxvNUwlRfU3tOm4UzTeGWmBqg==",
      "requires": {
        "@types/node": "*"
      }
    },
    "bezier-js": {
      "version": "2.6.1",
      "resolved": "https://registry.npmjs.org/bezier-js/-/bezier-js-2.6.1.tgz",
      "integrity": "sha512-jelZM33eNzcZ9snJ/5HqJLw3IzXvA8RFcBjkdOB8SDYyOvW8Y2tTosojAiBTnD1MhbHoWUYNbxUXxBl61TxbRg=="
    },
    "clone": {
      "version": "1.0.4",
      "resolved": "https://registry.npmjs.org/clone/-/clone-1.0.4.tgz",
      "integrity": "sha1-2jCcwmPfFZlMaIypAheco8fNfH4="
    },
    "defined": {
      "version": "1.0.0",
      "resolved": "https://registry.npmjs.org/defined/-/defined-1.0.0.tgz",
      "integrity": "sha1-yY2bzvdWdBiOEQlpFRGZ45sfppM="
    },
    "graham_scan": {
      "version": "1.0.4",
      "resolved": "https://registry.npmjs.org/graham_scan/-/graham_scan-1.0.4.tgz",
      "integrity": "sha1-OZZR3R+DU+GID1nqjl+Uud9Mkoo="
    },
    "kdbush": {
      "version": "2.0.1",
      "resolved": "https://registry.npmjs.org/kdbush/-/kdbush-2.0.1.tgz",
      "integrity": "sha512-9KqSdmWCkBIisFIGclT0FRagKhI7IVbMyUjsxCFG0Ly1Dg6whlxJ7b9lrq8ifk3X/fGeJzok1R75LQfZTfA5zQ=="
    },
    "makerjs": {
      "version": "0.11.2",
      "resolved": "https://registry.npmjs.org/makerjs/-/makerjs-0.11.2.tgz",
      "integrity": "sha512-hlRtqfQcfvN0w5At7ZJnL2N2bVYvI4xIeXPivsDcstAN7NdCVOYabRqqTcGzo5zyUwwB7orUTC8OTjKeTy+2YA==",
      "requires": {
        "@danmarshall/jscad-typings": "^1.0.0",
        "@types/bezier-js": "^0.0.6",
        "@types/node": "^7.0.5",
        "@types/opentype.js": "^0.7.0",
        "@types/pdfkit": "^0.7.34",
        "bezier-js": "^2.1.0",
        "clone": "^1.0.2",
        "graham_scan": "^1.0.4",
        "kdbush": "^2.0.1"
      }
    },
    "object-assign": {
      "version": "4.1.1",
      "resolved": "https://registry.npmjs.org/object-assign/-/object-assign-4.1.1.tgz",
      "integrity": "sha1-IQmtx5ZYh8/AXLvUQsrIv7s2CGM="
    },
    "opentype-layout": {
      "version": "1.1.0",
      "resolved": "https://registry.npmjs.org/opentype-layout/-/opentype-layout-1.1.0.tgz",
      "integrity": "sha1-IJJsgEFOZcdvMwEnRJoUPUlqA9w=",
      "requires": {
        "defined": "^1.0.0",
        "object-assign": "^4.1.0",
        "word-wrapper": "^1.0.7"
      }
    },
    "word-wrapper": {
      "version": "1.0.7",
      "resolved": "https://registry.npmjs.org/word-wrapper/-/word-wrapper-1.0.7.tgz",
      "integrity": "sha1-HxSv6/Zt/fD+9V79NxhO+9CMKLY="
    }
  }
}
